
Microsoft Visual Studio Solution File, Format Version 12.00
# Visual Studio Version 17
VisualStudioVersion = 17.6.33723.286
MinimumVisualStudioVersion = 10.0.40219.1
Project("{9A19103F-16F7-4668-BE54-9A1E7A4F7556}") = "GameHero", "GameHero\GameHero.csproj", "{08A3A321-A219-4364-B8C5-F3288FC133E7}"
EndProject
Project("{FAE04EC0-301F-11D3-BF4B-00C04F79EFBC}") = "GameHeroDAL", "GameHeroDAL\GameHeroDAL.csproj", "{9917AAFB-BC84-4C17-884F-05B8A57FED20}"
EndProject
Global
	GlobalSection(SolutionConfigurationPlatforms) = preSolution
		Debug|Any CPU = Debug|Any CPU
		Release|Any CPU = Release|Any CPU
	EndGlobalSection
	GlobalSection(ProjectConfigurationPlatforms) = postSolution
		{08A3A321-A219-4364-B8C5-F3288FC133E7}.Debug|Any CPU.ActiveCfg = Debug|Any CPU
		{08A3A321-A219-4364-B8C5-F3288FC133E7}.Debug|Any CPU.Build.0 = Debug|Any CPU
		{08A3A321-A219-4364-B8C5-F3288FC133E7}.Release|Any CPU.ActiveCfg = Release|Any CPU
		{08A3A321-A219-4364-B8C5-F3288FC133E7}.Release|Any CPU.Build.0 = Release|Any CPU
		{9917AAFB-BC84-4C17-884F-05B8A57FED20}.Debug|Any CPU.ActiveCfg = Debug|Any CPU
		{9917AAFB-BC84-4C17-884F-05B8A57FED20}.Debug|Any CPU.Build.0 = Debug|Any CPU
		{9917AAFB-BC84-4C17-884F-05B8A57FED20}.Release|Any CPU.ActiveCfg = Release|Any CPU
		{9917AAFB-BC84-4C17-884F-05B8A57FED20}.Release|Any CPU.Build.0 = Release|Any CPU
	EndGlobalSection
	GlobalSection(SolutionProperties) = preSolution
		HideSolutionNode = FALSE
	EndGlobalSection
	GlobalSection(ExtensibilityGlobals) = postSolution
		SolutionGuid = {CC9EFE0A-8E10-4BF1-B97C-CCCE67566018}
	EndGlobalSection
EndGlobal
